
Microsoft Visual Studio Solution File, Format Version 12.00
# Visual Studio Version 17
VisualStudioVersion = 17.3.32929.385
MinimumVisualStudioVersion = 10.0.40219.1
Project("{FAE04EC0-301F-11D3-BF4B-00C04F79EFBC}") = "Sugaru_Iulia_Lab2", "Sugaru_Iulia_Lab2\Sugaru_Iulia_Lab2.csproj", "{2D0421DE-F682-4599-94AC-3C7A237EC890}"
EndProject
Global
	GlobalSection(SolutionConfigurationPlatforms) = preSolution
		Debug|Any CPU = Debug|Any CPU
		Release|Any CPU = Release|Any CPU
	EndGlobalSection
	GlobalSection(ProjectConfigurationPlatforms) = postSolution
		{2D0421DE-F682-4599-94AC-3C7A237EC890}.Debug|Any CPU.ActiveCfg = Debug|Any CPU
		{2D0421DE-F682-4599-94AC-3C7A237EC890}.Debug|Any CPU.Build.0 = Debug|Any CPU
		{2D0421DE-F682-4599-94AC-3C7A237EC890}.Release|Any CPU.ActiveCfg = Release|Any CPU
		{2D0421DE-F682-4599-94AC-3C7A237EC890}.Release|Any CPU.Build.0 = Release|Any CPU
	EndGlobalSection
	GlobalSection(SolutionProperties) = preSolution
		HideSolutionNode = FALSE
	EndGlobalSection
	GlobalSection(ExtensibilityGlobals) = postSolution
		SolutionGuid = {F7B145BD-006A-4528-AFF2-5ADF7FBB10A5}
	EndGlobalSection
EndGlobal
